// !$*UTF8*$!
{
	archiveVersion = 1;
	classes = {
	};
	objectVersion = 48;
	objects = {

/* Begin PBXBuildFile section */
		E72949201FDD778900D7DBED /* AppDelegate.swift in Sources */ = {isa = PBXBuildFile; fileRef = E729491F1FDD778900D7DBED /* AppDelegate.swift */; };
		E72949221FDD778900D7DBED /* ViewController.swift in Sources */ = {isa = PBXBuildFile; fileRef = E72949211FDD778900D7DBED /* ViewController.swift */; };
		E72949251FDD778900D7DBED /* Main.storyboard in Resources */ = {isa = PBXBuildFile; fileRef = E72949231FDD778900D7DBED /* Main.storyboard */; };
		E72949271FDD778900D7DBED /* Assets.xcassets in Resources */ = {isa = PBXBuildFile; fileRef = E72949261FDD778900D7DBED /* Assets.xcassets */; };
		E729492A1FDD778900D7DBED /* LaunchScreen.storyboard in Resources */ = {isa = PBXBuildFile; fileRef = E72949281FDD778900D7DBED /* LaunchScreen.storyboard */; };
		E72949351FDD778900D7DBED /* ipad_pitagoraTests.swift in Sources */ = {isa = PBXBuildFile; fileRef = E72949341FDD778900D7DBED /* ipad_pitagoraTests.swift */; };
		E729499E1FE010DD00D7DBED /* ProcessingKit.framework in Frameworks */ = {isa = PBXBuildFile; fileRef = E729499C1FE010DD00D7DBED /* ProcessingKit.framework */; };
		E72949A11FE011BD00D7DBED /* PitagoraView.swift in Sources */ = {isa = PBXBuildFile; fileRef = E72949A01FE011BD00D7DBED /* PitagoraView.swift */; };
		E72949A61FE013A800D7DBED /* Scene1.swift in Sources */ = {isa = PBXBuildFile; fileRef = E72949A51FE013A800D7DBED /* Scene1.swift */; };
		E72949A91FE01AB500D7DBED /* Lerp.swift in Sources */ = {isa = PBXBuildFile; fileRef = E72949A81FE01AB500D7DBED /* Lerp.swift */; };
		E72949AB1FE01CD400D7DBED /* Countable.swift in Sources */ = {isa = PBXBuildFile; fileRef = E72949AA1FE01CD400D7DBED /* Countable.swift */; };
		E72949AD1FE01EBB00D7DBED /* Scene2.swift in Sources */ = {isa = PBXBuildFile; fileRef = E72949AC1FE01EBB00D7DBED /* Scene2.swift */; };
		E78FFEAF1FE02481006787C4 /* simple_tween.framework in Frameworks */ = {isa = PBXBuildFile; fileRef = E729499B1FE010DC00D7DBED /* simple_tween.framework */; };
		E78FFEB11FE03E1F006787C4 /* Scene3.swift in Sources */ = {isa = PBXBuildFile; fileRef = E78FFEB01FE03E1F006787C4 /* Scene3.swift */; };
		E78FFEB31FE0404B006787C4 /* Scene4.swift in Sources */ = {isa = PBXBuildFile; fileRef = E78FFEB21FE0404B006787C4 /* Scene4.swift */; };
/* End PBXBuildFile section */

/* Begin PBXContainerItemProxy section */
		E72949311FDD778900D7DBED /* PBXContainerItemProxy */ = {
			isa = PBXContainerItemProxy;
			containerPortal = E72949141FDD778800D7DBED /* Project object */;
			proxyType = 1;
			remoteGlobalIDString = E729491B1FDD778800D7DBED;
			remoteInfo = "ipad-pitagora";
		};
/* End PBXContainerItemProxy section */

/* Begin PBXFileReference section */
		E729491C1FDD778900D7DBED /* ipad-pitagora.app */ = {isa = PBXFileReference; explicitFileType = wrapper.application; includeInIndex = 0; path = "ipad-pitagora.app"; sourceTree = BUILT_PRODUCTS_DIR; };
		E729491F1FDD778900D7DBED /* AppDelegate.swift */ = {isa = PBXFileReference; lastKnownFileType = sourcecode.swift; path = AppDelegate.swift; sourceTree = "<group>"; };
		E72949211FDD778900D7DBED /* ViewController.swift */ = {isa = PBXFileReference; lastKnownFileType = sourcecode.swift; path = ViewController.swift; sourceTree = "<group>"; };
		E72949241FDD778900D7DBED /* Base */ = {isa = PBXFileReference; lastKnownFileType = file.storyboard; name = Base; path = Base.lproj/Main.storyboard; sourceTree = "<group>"; };
		E72949261FDD778900D7DBED /* Assets.xcassets */ = {isa = PBXFileReference; lastKnownFileType = folder.assetcatalog; path = Assets.xcassets; sourceTree = "<group>"; };
		E72949291FDD778900D7DBED /* Base */ = {isa = PBXFileReference; lastKnownFileType = file.storyboard; name = Base; path = Base.lproj/LaunchScreen.storyboard; sourceTree = "<group>"; };
		E729492B1FDD778900D7DBED /* Info.plist */ = {isa = PBXFileReference; lastKnownFileType = text.plist.xml; path = Info.plist; sourceTree = "<group>"; };
		E72949301FDD778900D7DBED /* ipad-pitagoraTests.xctest */ = {isa = PBXFileReference; explicitFileType = wrapper.cfbundle; includeInIndex = 0; path = "ipad-pitagoraTests.xctest"; sourceTree = BUILT_PRODUCTS_DIR; };
		E72949341FDD778900D7DBED /* ipad_pitagoraTests.swift */ = {isa = PBXFileReference; lastKnownFileType = sourcecode.swift; path = ipad_pitagoraTests.swift; sourceTree = "<group>"; };
		E72949361FDD778900D7DBED /* Info.plist */ = {isa = PBXFileReference; lastKnownFileType = text.plist.xml; path = Info.plist; sourceTree = "<group>"; };
		E729499B1FE010DC00D7DBED /* simple_tween.framework */ = {isa = PBXFileReference; lastKnownFileType = wrapper.framework; name = simple_tween.framework; path = Carthage/Build/iOS/simple_tween.framework; sourceTree = "<group>"; };
		E729499C1FE010DD00D7DBED /* ProcessingKit.framework */ = {isa = PBXFileReference; lastKnownFileType = wrapper.framework; name = ProcessingKit.framework; path = Carthage/Build/iOS/ProcessingKit.framework; sourceTree = "<group>"; };
		E72949A01FE011BD00D7DBED /* PitagoraView.swift */ = {isa = PBXFileReference; lastKnownFileType = sourcecode.swift; path = PitagoraView.swift; sourceTree = "<group>"; };
		E72949A51FE013A800D7DBED /* Scene1.swift */ = {isa = PBXFileReference; lastKnownFileType = sourcecode.swift; path = Scene1.swift; sourceTree = "<group>"; };
		E72949A81FE01AB500D7DBED /* Lerp.swift */ = {isa = PBXFileReference; lastKnownFileType = sourcecode.swift; path = Lerp.swift; sourceTree = "<group>"; };
		E72949AA1FE01CD400D7DBED /* Countable.swift */ = {isa = PBXFileReference; lastKnownFileType = sourcecode.swift; path = Countable.swift; sourceTree = "<group>"; };
		E72949AC1FE01EBB00D7DBED /* Scene2.swift */ = {isa = PBXFileReference; lastKnownFileType = sourcecode.swift; path = Scene2.swift; sourceTree = "<group>"; };
		E78FFEB01FE03E1F006787C4 /* Scene3.swift */ = {isa = PBXFileReference; lastKnownFileType = sourcecode.swift; path = Scene3.swift; sourceTree = "<group>"; };
		E78FFEB21FE0404B006787C4 /* Scene4.swift */ = {isa = PBXFileReference; lastKnownFileType = sourcecode.swift; path = Scene4.swift; sourceTree = "<group>"; };
/* End PBXFileReference section */

/* Begin PBXFrameworksBuildPhase section */
		E72949191FDD778800D7DBED /* Frameworks */ = {
			isa = PBXFrameworksBuildPhase;
			buildActionMask = 2147483647;
			files = (
				E78FFEAF1FE02481006787C4 /* simple_tween.framework in Frameworks */,
				E729499E1FE010DD00D7DBED /* ProcessingKit.framework in Frameworks */,
			);
			runOnlyForDeploymentPostprocessing = 0;
		};
		E729492D1FDD778900D7DBED /* Frameworks */ = {
			isa = PBXFrameworksBuildPhase;
			buildActionMask = 2147483647;
			files = (
			);
			runOnlyForDeploymentPostprocessing = 0;
		};
/* End PBXFrameworksBuildPhase section */

/* Begin PBXGroup section */
		E72949131FDD778800D7DBED = {
			isa = PBXGroup;
			children = (
				E729491E1FDD778900D7DBED /* ipad-pitagora */,
				E72949331FDD778900D7DBED /* ipad-pitagoraTests */,
				E729491D1FDD778900D7DBED /* Products */,
				E729499A1FE010DC00D7DBED /* Frameworks */,
			);
			sourceTree = "<group>";
		};
		E729491D1FDD778900D7DBED /* Products */ = {
			isa = PBXGroup;
			children = (
				E729491C1FDD778900D7DBED /* ipad-pitagora.app */,
				E72949301FDD778900D7DBED /* ipad-pitagoraTests.xctest */,
			);
			name = Products;
			sourceTree = "<group>";
		};
		E729491E1FDD778900D7DBED /* ipad-pitagora */ = {
			isa = PBXGroup;
			children = (
				E729491F1FDD778900D7DBED /* AppDelegate.swift */,
				E72949211FDD778900D7DBED /* ViewController.swift */,
				E72949A01FE011BD00D7DBED /* PitagoraView.swift */,
				E72949A81FE01AB500D7DBED /* Lerp.swift */,
				E72949AA1FE01CD400D7DBED /* Countable.swift */,
				E72949A21FE012C200D7DBED /* Scenes */,
				E72949231FDD778900D7DBED /* Main.storyboard */,
				E72949261FDD778900D7DBED /* Assets.xcassets */,
				E72949281FDD778900D7DBED /* LaunchScreen.storyboard */,
				E729492B1FDD778900D7DBED /* Info.plist */,
			);
			path = "ipad-pitagora";
			sourceTree = "<group>";
		};
		E72949331FDD778900D7DBED /* ipad-pitagoraTests */ = {
			isa = PBXGroup;
			children = (
				E72949341FDD778900D7DBED /* ipad_pitagoraTests.swift */,
				E72949361FDD778900D7DBED /* Info.plist */,
			);
			path = "ipad-pitagoraTests";
			sourceTree = "<group>";
		};
		E729499A1FE010DC00D7DBED /* Frameworks */ = {
			isa = PBXGroup;
			children = (
				E729499C1FE010DD00D7DBED /* ProcessingKit.framework */,
				E729499B1FE010DC00D7DBED /* simple_tween.framework */,
			);
			name = Frameworks;
			sourceTree = "<group>";
		};
		E72949A21FE012C200D7DBED /* Scenes */ = {
			isa = PBXGroup;
			children = (
				E72949A51FE013A800D7DBED /* Scene1.swift */,
				E72949AC1FE01EBB00D7DBED /* Scene2.swift */,
				E78FFEB01FE03E1F006787C4 /* Scene3.swift */,
				E78FFEB21FE0404B006787C4 /* Scene4.swift */,
			);
			path = Scenes;
			sourceTree = "<group>";
		};
/* End PBXGroup section */

/* Begin PBXNativeTarget section */
		E729491B1FDD778800D7DBED /* ipad-pitagora */ = {
			isa = PBXNativeTarget;
			buildConfigurationList = E72949391FDD778900D7DBED /* Build configuration list for PBXNativeTarget "ipad-pitagora" */;
			buildPhases = (
				E72949181FDD778800D7DBED /* Sources */,
				E72949191FDD778800D7DBED /* Frameworks */,
				E729491A1FDD778800D7DBED /* Resources */,
				E729499F1FE010E700D7DBED /* [Carthage] Run Script */,
			);
			buildRules = (
			);
			dependencies = (
			);
			name = "ipad-pitagora";
			productName = "ipad-pitagora";
			productReference = E729491C1FDD778900D7DBED /* ipad-pitagora.app */;
			productType = "com.apple.product-type.application";
		};
		E729492F1FDD778900D7DBED /* ipad-pitagoraTests */ = {
			isa = PBXNativeTarget;
			buildConfigurationList = E729493C1FDD778900D7DBED /* Build configuration list for PBXNativeTarget "ipad-pitagoraTests" */;
			buildPhases = (
				E729492C1FDD778900D7DBED /* Sources */,
				E729492D1FDD778900D7DBED /* Frameworks */,
				E729492E1FDD778900D7DBED /* Resources */,
			);
			buildRules = (
			);
			dependencies = (
				E72949321FDD778900D7DBED /* PBXTargetDependency */,
			);
			name = "ipad-pitagoraTests";
			productName = "ipad-pitagoraTests";
			productReference = E72949301FDD778900D7DBED /* ipad-pitagoraTests.xctest */;
			productType = "com.apple.product-type.bundle.unit-test";
		};
/* End PBXNativeTarget section */

/* Begin PBXProject section */
		E72949141FDD778800D7DBED /* Project object */ = {
			isa = PBXProject;
			attributes = {
				LastSwiftUpdateCheck = 0910;
				LastUpgradeCheck = 0910;
				ORGANIZATIONNAME = "Atsuya Sato";
				TargetAttributes = {
					E729491B1FDD778800D7DBED = {
						CreatedOnToolsVersion = 9.1;
						ProvisioningStyle = Automatic;
					};
					E729492F1FDD778900D7DBED = {
						CreatedOnToolsVersion = 9.1;
						ProvisioningStyle = Automatic;
						TestTargetID = E729491B1FDD778800D7DBED;
					};
				};
			};
			buildConfigurationList = E72949171FDD778800D7DBED /* Build configuration list for PBXProject "ipad-pitagora" */;
			compatibilityVersion = "Xcode 8.0";
			developmentRegion = en;
			hasScannedForEncodings = 0;
			knownRegions = (
				en,
				Base,
			);
			mainGroup = E72949131FDD778800D7DBED;
			productRefGroup = E729491D1FDD778900D7DBED /* Products */;
			projectDirPath = "";
			projectRoot = "";
			targets = (
				E729491B1FDD778800D7DBED /* ipad-pitagora */,
				E729492F1FDD778900D7DBED /* ipad-pitagoraTests */,
			);
		};
/* End PBXProject section */

/* Begin PBXResourcesBuildPhase section */
		E729491A1FDD778800D7DBED /* Resources */ = {
			isa = PBXResourcesBuildPhase;
			buildActionMask = 2147483647;
			files = (
				E729492A1FDD778900D7DBED /* LaunchScreen.storyboard in Resources */,
				E72949271FDD778900D7DBED /* Assets.xcassets in Resources */,
				E72949251FDD778900D7DBED /* Main.storyboard in Resources */,
			);
			runOnlyForDeploymentPostprocessing = 0;
		};
		E729492E1FDD778900D7DBED /* Resources */ = {
			isa = PBXResourcesBuildPhase;
			buildActionMask = 2147483647;
			files = (
			);
			runOnlyForDeploymentPostprocessing = 0;
		};
/* End PBXResourcesBuildPhase section */

/* Begin PBXShellScriptBuildPhase section */
		E729499F1FE010E700D7DBED /* [Carthage] Run Script */ = {
			isa = PBXShellScriptBuildPhase;
			buildActionMask = 2147483647;
			files = (
			);
			inputPaths = (
				"$(SRCROOT)/Carthage/Build/iOS/ProcessingKit.framework",
				"$(SRCROOT)/Carthage/Build/iOS/simple_tween.framework",
			);
			name = "[Carthage] Run Script";
			outputPaths = (
			);
			runOnlyForDeploymentPostprocessing = 0;
			shellPath = /bin/sh;
			shellScript = "/usr/local/bin/carthage copy-frameworks";
		};
/* End PBXShellScriptBuildPhase section */

/* Begin PBXSourcesBuildPhase section */
		E72949181FDD778800D7DBED /* Sources */ = {
			isa = PBXSourcesBuildPhase;
			buildActionMask = 2147483647;
			files = (
				E78FFEB11FE03E1F006787C4 /* Scene3.swift in Sources */,
				E72949221FDD778900D7DBED /* ViewController.swift in Sources */,
				E78FFEB31FE0404B006787C4 /* Scene4.swift in Sources */,
				E72949A91FE01AB500D7DBED /* Lerp.swift in Sources */,
				E72949A61FE013A800D7DBED /* Scene1.swift in Sources */,
				E72949AB1FE01CD400D7DBED /* Countable.swift in Sources */,
				E72949AD1FE01EBB00D7DBED /* Scene2.swift in Sources */,
				E72949A11FE011BD00D7DBED /* PitagoraView.swift in Sources */,
				E72949201FDD778900D7DBED /* AppDelegate.swift in Sources */,
			);
			runOnlyForDeploymentPostprocessing = 0;
		};
		E729492C1FDD778900D7DBED /* Sources */ = {
			isa = PBXSourcesBuildPhase;
			buildActionMask = 2147483647;
			files = (
				E72949351FDD778900D7DBED /* ipad_pitagoraTests.swift in Sources */,
			);
			runOnlyForDeploymentPostprocessing = 0;
		};
/* End PBXSourcesBuildPhase section */

/* Begin PBXTargetDependency section */
		E72949321FDD778900D7DBED /* PBXTargetDependency */ = {
			isa = PBXTargetDependency;
			target = E729491B1FDD778800D7DBED /* ipad-pitagora */;
			targetProxy = E72949311FDD778900D7DBED /* PBXContainerItemProxy */;
		};
/* End PBXTargetDependency section */

/* Begin PBXVariantGroup section */
		E72949231FDD778900D7DBED /* Main.storyboard */ = {
			isa = PBXVariantGroup;
			children = (
				E72949241FDD778900D7DBED /* Base */,
			);
			name = Main.storyboard;
			sourceTree = "<group>";
		};
		E72949281FDD778900D7DBED /* LaunchScreen.storyboard */ = {
			isa = PBXVariantGroup;
			children = (
				E72949291FDD778900D7DBED /* Base */,
			);
			name = LaunchScreen.storyboard;
			sourceTree = "<group>";
		};
/* End PBXVariantGroup section */

/* Begin XCBuildConfiguration section */
		E72949371FDD778900D7DBED /* Debug */ = {
			isa = XCBuildConfiguration;
			buildSettings = {
				ALWAYS_SEARCH_USER_PATHS = NO;
				CLANG_ANALYZER_NONNULL = YES;
				CLANG_ANALYZER_NUMBER_OBJECT_CONVERSION = YES_AGGRESSIVE;
				CLANG_CXX_LANGUAGE_STANDARD = "gnu++14";
				CLANG_CXX_LIBRARY = "libc++";
				CLANG_ENABLE_MODULES = YES;
				CLANG_ENABLE_OBJC_ARC = YES;
				CLANG_WARN_BLOCK_CAPTURE_AUTORELEASING = YES;
				CLANG_WARN_BOOL_CONVERSION = YES;
				CLANG_WARN_COMMA = YES;
				CLANG_WARN_CONSTANT_CONVERSION = YES;
				CLANG_WARN_DIRECT_OBJC_ISA_USAGE = YES_ERROR;
				CLANG_WARN_DOCUMENTATION_COMMENTS = YES;
				CLANG_WARN_EMPTY_BODY = YES;
				CLANG_WARN_ENUM_CONVERSION = YES;
				CLANG_WARN_INFINITE_RECURSION = YES;
				CLANG_WARN_INT_CONVERSION = YES;
				CLANG_WARN_NON_LITERAL_NULL_CONVERSION = YES;
				CLANG_WARN_OBJC_LITERAL_CONVERSION = YES;
				CLANG_WARN_OBJC_ROOT_CLASS = YES_ERROR;
				CLANG_WARN_RANGE_LOOP_ANALYSIS = YES;
				CLANG_WARN_STRICT_PROTOTYPES = YES;
				CLANG_WARN_SUSPICIOUS_MOVE = YES;
				CLANG_WARN_UNGUARDED_AVAILABILITY = YES_AGGRESSIVE;
				CLANG_WARN_UNREACHABLE_CODE = YES;
				CLANG_WARN__DUPLICATE_METHOD_MATCH = YES;
				CODE_SIGN_IDENTITY = "iPhone Developer";
				COPY_PHASE_STRIP = NO;
				DEBUG_INFORMATION_FORMAT = dwarf;
				ENABLE_STRICT_OBJC_MSGSEND = YES;
				ENABLE_TESTABILITY = YES;
				GCC_C_LANGUAGE_STANDARD = gnu11;
				GCC_DYNAMIC_NO_PIC = NO;
				GCC_NO_COMMON_BLOCKS = YES;
				GCC_OPTIMIZATION_LEVEL = 0;
				GCC_PREPROCESSOR_DEFINITIONS = (
					"DEBUG=1",
					"$(inherited)",
				);
				GCC_WARN_64_TO_32_BIT_CONVERSION = YES;
				GCC_WARN_ABOUT_RETURN_TYPE = YES_ERROR;
				GCC_WARN_UNDECLARED_SELECTOR = YES;
				GCC_WARN_UNINITIALIZED_AUTOS = YES_AGGRESSIVE;
				GCC_WARN_UNUSED_FUNCTION = YES;
				GCC_WARN_UNUSED_VARIABLE = YES;
				IPHONEOS_DEPLOYMENT_TARGET = 11.1;
				MTL_ENABLE_DEBUG_INFO = YES;
				ONLY_ACTIVE_ARCH = YES;
				SDKROOT = iphoneos;
				SWIFT_ACTIVE_COMPILATION_CONDITIONS = DEBUG;
				SWIFT_OPTIMIZATION_LEVEL = "-Onone";
			};
			name = Debug;
		};
		E72949381FDD778900D7DBED /* Release */ = {
			isa = XCBuildConfiguration;
			buildSettings = {
				ALWAYS_SEARCH_USER_PATHS = NO;
				CLANG_ANALYZER_NONNULL = YES;
				CLANG_ANALYZER_NUMBER_OBJECT_CONVERSION = YES_AGGRESSIVE;
				CLANG_CXX_LANGUAGE_STANDARD = "gnu++14";
				CLANG_CXX_LIBRARY = "libc++";
				CLANG_ENABLE_MODULES = YES;
				CLANG_ENABLE_OBJC_ARC = YES;
				CLANG_WARN_BLOCK_CAPTURE_AUTORELEASING = YES;
				CLANG_WARN_BOOL_CONVERSION = YES;
				CLANG_WARN_COMMA = YES;
				CLANG_WARN_CONSTANT_CONVERSION = YES;
				CLANG_WARN_DIRECT_OBJC_ISA_USAGE = YES_ERROR;
				CLANG_WARN_DOCUMENTATION_COMMENTS = YES;
				CLANG_WARN_EMPTY_BODY = YES;
				CLANG_WARN_ENUM_CONVERSION = YES;
				CLANG_WARN_INFINITE_RECURSION = YES;
				CLANG_WARN_INT_CONVERSION = YES;
				CLANG_WARN_NON_LITERAL_NULL_CONVERSION = YES;
				CLANG_WARN_OBJC_LITERAL_CONVERSION = YES;
				CLANG_WARN_OBJC_ROOT_CLASS = YES_ERROR;
				CLANG_WARN_RANGE_LOOP_ANALYSIS = YES;
				CLANG_WARN_STRICT_PROTOTYPES = YES;
				CLANG_WARN_SUSPICIOUS_MOVE = YES;
				CLANG_WARN_UNGUARDED_AVAILABILITY = YES_AGGRESSIVE;
				CLANG_WARN_UNREACHABLE_CODE = YES;
				CLANG_WARN__DUPLICATE_METHOD_MATCH = YES;
				CODE_SIGN_IDENTITY = "iPhone Developer";
				COPY_PHASE_STRIP = NO;
				DEBUG_INFORMATION_FORMAT = "dwarf-with-dsym";
				ENABLE_NS_ASSERTIONS = NO;
				ENABLE_STRICT_OBJC_MSGSEND = YES;
				GCC_C_LANGUAGE_STANDARD = gnu11;
				GCC_NO_COMMON_BLOCKS = YES;
				GCC_WARN_64_TO_32_BIT_CONVERSION = YES;
				GCC_WARN_ABOUT_RETURN_TYPE = YES_ERROR;
				GCC_WARN_UNDECLARED_SELECTOR = YES;
				GCC_WARN_UNINITIALIZED_AUTOS = YES_AGGRESSIVE;
				GCC_WARN_UNUSED_FUNCTION = YES;
				GCC_WARN_UNUSED_VARIABLE = YES;
				IPHONEOS_DEPLOYMENT_TARGET = 11.1;
				MTL_ENABLE_DEBUG_INFO = NO;
				SDKROOT = iphoneos;
				SWIFT_OPTIMIZATION_LEVEL = "-Owholemodule";
				VALIDATE_PRODUCT = YES;
			};
			name = Release;
		};
		E729493A1FDD778900D7DBED /* Debug */ = {
			isa = XCBuildConfiguration;
			buildSettings = {
				ASSETCATALOG_COMPILER_APPICON_NAME = AppIcon;
				CODE_SIGN_STYLE = Automatic;
				DEVELOPMENT_TEAM = DEQGLB9PU4;
				FRAMEWORK_SEARCH_PATHS = (
					"$(inherited)",
					"$(PROJECT_DIR)/Carthage/Build/iOS",
				);
				INFOPLIST_FILE = "ipad-pitagora/Info.plist";
				LD_RUNPATH_SEARCH_PATHS = "$(inherited) @executable_path/Frameworks";
				PRODUCT_BUNDLE_IDENTIFIER = "io.github.natmark.ipad-pitagora";
				PRODUCT_NAME = "$(TARGET_NAME)";
				SWIFT_VERSION = 3.0;
				TARGETED_DEVICE_FAMILY = 2;
			};
			name = Debug;
		};
		E729493B1FDD778900D7DBED /* Release */ = {
			isa = XCBuildConfiguration;
			buildSettings = {
				ASSETCATALOG_COMPILER_APPICON_NAME = AppIcon;
				CODE_SIGN_STYLE = Automatic;
				DEVELOPMENT_TEAM = DEQGLB9PU4;
				FRAMEWORK_SEARCH_PATHS = (
					"$(inherited)",
					"$(PROJECT_DIR)/Carthage/Build/iOS",
				);
				INFOPLIST_FILE = "ipad-pitagora/Info.plist";
				LD_RUNPATH_SEARCH_PATHS = "$(inherited) @executable_path/Frameworks";
				PRODUCT_BUNDLE_IDENTIFIER = "io.github.natmark.ipad-pitagora";
				PRODUCT_NAME = "$(TARGET_NAME)";
				SWIFT_VERSION = 3.0;
				TARGETED_DEVICE_FAMILY = 2;
			};
			name = Release;
		};
		E729493D1FDD778900D7DBED /* Debug */ = {
			isa = XCBuildConfiguration;
			buildSettings = {
				ALWAYS_EMBED_SWIFT_STANDARD_LIBRARIES = YES;
				BUNDLE_LOADER = "$(TEST_HOST)";
				CODE_SIGN_STYLE = Automatic;
				DEVELOPMENT_TEAM = DEQGLB9PU4;
				INFOPLIST_FILE = "ipad-pitagoraTests/Info.plist";
				LD_RUNPATH_SEARCH_PATHS = "$(inherited) @executable_path/Frameworks @loader_path/Frameworks";
				PRODUCT_BUNDLE_IDENTIFIER = "io.github.natmark.ipad-pitagoraTests";
				PRODUCT_NAME = "$(TARGET_NAME)";
				SWIFT_VERSION = 4.0;
				TARGETED_DEVICE_FAMILY = "1,2";
				TEST_HOST = "$(BUILT_PRODUCTS_DIR)/ipad-pitagora.app/ipad-pitagora";
			};
			name = Debug;
		};
		E729493E1FDD778900D7DBED /* Release */ = {
			isa = XCBuildConfiguration;
			buildSettings = {
				ALWAYS_EMBED_SWIFT_STANDARD_LIBRARIES = YES;
				BUNDLE_LOADER = "$(TEST_HOST)";
				CODE_SIGN_STYLE = Automatic;
				DEVELOPMENT_TEAM = DEQGLB9PU4;
				INFOPLIST_FILE = "ipad-pitagoraTests/Info.plist";
				LD_RUNPATH_SEARCH_PATHS = "$(inherited) @executable_path/Frameworks @loader_path/Frameworks";
				PRODUCT_BUNDLE_IDENTIFIER = "io.github.natmark.ipad-pitagoraTests";
				PRODUCT_NAME = "$(TARGET_NAME)";
				SWIFT_VERSION = 4.0;
				TARGETED_DEVICE_FAMILY = "1,2";
				TEST_HOST = "$(BUILT_PRODUCTS_DIR)/ipad-pitagora.app/ipad-pitagora";
			};
			name = Release;
		};
/* End XCBuildConfiguration section */

/* Begin XCConfigurationList section */
		E72949171FDD778800D7DBED /* Build configuration list for PBXProject "ipad-pitagora" */ = {
			isa = XCConfigurationList;
			buildConfigurations = (
				E72949371FDD778900D7DBED /* Debug */,
				E72949381FDD778900D7DBED /* Release */,
			);
			defaultConfigurationIsVisible = 0;
			defaultConfigurationName = Release;
		};
		E72949391FDD778900D7DBED /* Build configuration list for PBXNativeTarget "ipad-pitagora" */ = {
			isa = XCConfigurationList;
			buildConfigurations = (
				E729493A1FDD778900D7DBED /* Debug */,
				E729493B1FDD778900D7DBED /* Release */,
			);
			defaultConfigurationIsVisible = 0;
			defaultConfigurationName = Release;
		};
		E729493C1FDD778900D7DBED /* Build configuration list for PBXNativeTarget "ipad-pitagoraTests" */ = {
			isa = XCConfigurationList;
			buildConfigurations = (
				E729493D1FDD778900D7DBED /* Debug */,
				E729493E1FDD778900D7DBED /* Release */,
			);
			defaultConfigurationIsVisible = 0;
			defaultConfigurationName = Release;
		};
/* End XCConfigurationList section */
	};
	rootObject = E72949141FDD778800D7DBED /* Project object */;
}
